
Microsoft Visual Studio Solution File, Format Version 12.00
# Visual Studio Version 16
VisualStudioVersion = 16.0.29318.209
MinimumVisualStudioVersion = 10.0.40219.1
Project("{FAE04EC0-301F-11D3-BF4B-00C04F79EFBC}") = "NaranjAcademicMagazine", "NaranjAcademicMagazine\NaranjAcademicMagazine.csproj", "{860333A3-8BA2-4841-B176-4F9C29EC727F}"
EndProject
Global
	GlobalSection(SolutionConfigurationPlatforms) = preSolution
		Debug|Any CPU = Debug|Any CPU
		Release|Any CPU = Release|Any CPU
	EndGlobalSection
	GlobalSection(ProjectConfigurationPlatforms) = postSolution
		{860333A3-8BA2-4841-B176-4F9C29EC727F}.Debug|Any CPU.ActiveCfg = Debug|Any CPU
		{860333A3-8BA2-4841-B176-4F9C29EC727F}.Debug|Any CPU.Build.0 = Debug|Any CPU
		{860333A3-8BA2-4841-B176-4F9C29EC727F}.Release|Any CPU.ActiveCfg = Release|Any CPU
		{860333A3-8BA2-4841-B176-4F9C29EC727F}.Release|Any CPU.Build.0 = Release|Any CPU
	EndGlobalSection
	GlobalSection(SolutionProperties) = preSolution
		HideSolutionNode = FALSE
	EndGlobalSection
	GlobalSection(ExtensibilityGlobals) = postSolution
		SolutionGuid = {ADC0979B-35A1-4548-B7B9-5D701F412478}
	EndGlobalSection
EndGlobal
